# This file was autogenerated by Stack.
# You should not edit this file by hand.
# For more information, please see the documentation at:
#   https://docs.haskellstack.org/en/stable/lock_files

packages:
- completed:
    hackage: lucid-svg-0.7.1.1@sha256:52f3842a4fdec8a0f2661b437305fbedae480568428daef93aead58a91ef2c67,1107
    pantry-tree:
      sha256: facc77cf18b4ece25185279f6041cb273b7e3be59afece0b08db549887abddc7
      size: 456
  original:
    hackage: lucid-svg-0.7.1.1@sha256:52f3842a4fdec8a0f2661b437305fbedae480568428daef93aead58a91ef2c67,1107
snapshots:
- completed:
    sha256: e63b43d506918278d05cd1448bd19352ab2faa9b8e9d64ce527b56f1a7fba149
    size: 650255
    url: https://raw.githubusercontent.com/commercialhaskell/stackage-snapshots/master/lts/20/25.yaml
  original: lts-20.25
